
Microsoft Visual Studio Solution File, Format Version 12.00
# Visual Studio Version 16
VisualStudioVersion = 16.0.30320.27
MinimumVisualStudioVersion = 10.0.40219.1
Project("{9A19103F-16F7-4668-BE54-9A1E7A4F7556}") = "ConferenceApp", "WebApplication1\ConferenceApp.csproj", "{BA11BB81-39A3-43FB-A19F-335055EB0EF0}"
EndProject
Global
	GlobalSection(SolutionConfigurationPlatforms) = preSolution
		Debug|Any CPU = Debug|Any CPU
		Release|Any CPU = Release|Any CPU
	EndGlobalSection
	GlobalSection(ProjectConfigurationPlatforms) = postSolution
		{BA11BB81-39A3-43FB-A19F-335055EB0EF0}.Debug|Any CPU.ActiveCfg = Debug|Any CPU
		{BA11BB81-39A3-43FB-A19F-335055EB0EF0}.Debug|Any CPU.Build.0 = Debug|Any CPU
		{BA11BB81-39A3-43FB-A19F-335055EB0EF0}.Release|Any CPU.ActiveCfg = Release|Any CPU
		{BA11BB81-39A3-43FB-A19F-335055EB0EF0}.Release|Any CPU.Build.0 = Release|Any CPU
	EndGlobalSection
	GlobalSection(SolutionProperties) = preSolution
		HideSolutionNode = FALSE
	EndGlobalSection
	GlobalSection(ExtensibilityGlobals) = postSolution
		SolutionGuid = {B1F3AC0C-9BE1-403F-AB04-6839A20391A7}
	EndGlobalSection
EndGlobal
